
Microsoft Visual Studio Solution File, Format Version 12.00
# Visual Studio 15
VisualStudioVersion = 15.0.35026.233
MinimumVisualStudioVersion = 10.0.40219.1
Project("{FAE04EC0-301F-11D3-BF4B-00C04F79EFBC}") = "Ejercicio1", "Ejercicio1.csproj", "{71C308B1-B1CA-4A5C-AB5C-05371E4A84AA}"
EndProject
Global
	GlobalSection(SolutionConfigurationPlatforms) = preSolution
		Debug|Any CPU = Debug|Any CPU
		Release|Any CPU = Release|Any CPU
	EndGlobalSection
	GlobalSection(ProjectConfigurationPlatforms) = postSolution
		{71C308B1-B1CA-4A5C-AB5C-05371E4A84AA}.Debug|Any CPU.ActiveCfg = Debug|Any CPU
		{71C308B1-B1CA-4A5C-AB5C-05371E4A84AA}.Debug|Any CPU.Build.0 = Debug|Any CPU
		{71C308B1-B1CA-4A5C-AB5C-05371E4A84AA}.Release|Any CPU.ActiveCfg = Release|Any CPU
		{71C308B1-B1CA-4A5C-AB5C-05371E4A84AA}.Release|Any CPU.Build.0 = Release|Any CPU
	EndGlobalSection
	GlobalSection(SolutionProperties) = preSolution
		HideSolutionNode = FALSE
	EndGlobalSection
	GlobalSection(ExtensibilityGlobals) = postSolution
		SolutionGuid = {D83A4CCB-945C-42F9-96D2-31239C4D8F9D}
	EndGlobalSection
EndGlobal
